
Microsoft Visual Studio Solution File, Format Version 12.00
# Visual Studio 15
VisualStudioVersion = 15.0.28307.1082
MinimumVisualStudioVersion = 10.0.40219.1
Project("{9A19103F-16F7-4668-BE54-9A1E7A4F7556}") = "DoAnTotNghiep", "DoAnTotNghiep\DoAnTotNghiep.csproj", "{0A0B45D0-28F4-405B-BCF3-6FA780170BAE}"
EndProject
Project("{9A19103F-16F7-4668-BE54-9A1E7A4F7556}") = "WebData", "WebData\WebData.csproj", "{970D5C9D-383A-47B5-B7B4-02A7D43E199F}"
EndProject
Project("{9A19103F-16F7-4668-BE54-9A1E7A4F7556}") = "WebUnitTest", "WebServices\WebUnitTest.csproj", "{A7406684-560A-4FB7-A91B-94FF70E04A89}"
EndProject
Project("{FAE04EC0-301F-11D3-BF4B-00C04F79EFBC}") = "BackEnd", "BackEnd\BackEnd.csproj", "{306E450D-77F4-436E-AD4F-768FD46B4F82}"
EndProject
Global
	GlobalSection(SolutionConfigurationPlatforms) = preSolution
		Debug|Any CPU = Debug|Any CPU
		Release|Any CPU = Release|Any CPU
	EndGlobalSection
	GlobalSection(ProjectConfigurationPlatforms) = postSolution
		{0A0B45D0-28F4-405B-BCF3-6FA780170BAE}.Debug|Any CPU.ActiveCfg = Debug|Any CPU
		{0A0B45D0-28F4-405B-BCF3-6FA780170BAE}.Debug|Any CPU.Build.0 = Debug|Any CPU
		{0A0B45D0-28F4-405B-BCF3-6FA780170BAE}.Release|Any CPU.ActiveCfg = Release|Any CPU
		{0A0B45D0-28F4-405B-BCF3-6FA780170BAE}.Release|Any CPU.Build.0 = Release|Any CPU
		{970D5C9D-383A-47B5-B7B4-02A7D43E199F}.Debug|Any CPU.ActiveCfg = Debug|Any CPU
		{970D5C9D-383A-47B5-B7B4-02A7D43E199F}.Debug|Any CPU.Build.0 = Debug|Any CPU
		{970D5C9D-383A-47B5-B7B4-02A7D43E199F}.Release|Any CPU.ActiveCfg = Release|Any CPU
		{970D5C9D-383A-47B5-B7B4-02A7D43E199F}.Release|Any CPU.Build.0 = Release|Any CPU
		{A7406684-560A-4FB7-A91B-94FF70E04A89}.Debug|Any CPU.ActiveCfg = Debug|Any CPU
		{A7406684-560A-4FB7-A91B-94FF70E04A89}.Debug|Any CPU.Build.0 = Debug|Any CPU
		{A7406684-560A-4FB7-A91B-94FF70E04A89}.Release|Any CPU.ActiveCfg = Release|Any CPU
		{A7406684-560A-4FB7-A91B-94FF70E04A89}.Release|Any CPU.Build.0 = Release|Any CPU
		{306E450D-77F4-436E-AD4F-768FD46B4F82}.Debug|Any CPU.ActiveCfg = Debug|Any CPU
		{306E450D-77F4-436E-AD4F-768FD46B4F82}.Debug|Any CPU.Build.0 = Debug|Any CPU
		{306E450D-77F4-436E-AD4F-768FD46B4F82}.Release|Any CPU.ActiveCfg = Release|Any CPU
		{306E450D-77F4-436E-AD4F-768FD46B4F82}.Release|Any CPU.Build.0 = Release|Any CPU
	EndGlobalSection
	GlobalSection(SolutionProperties) = preSolution
		HideSolutionNode = FALSE
	EndGlobalSection
	GlobalSection(ExtensibilityGlobals) = postSolution
		SolutionGuid = {AF9CF920-1F81-403C-A21C-2E90AC8B6ECE}
	EndGlobalSection
EndGlobal
